
Microsoft Visual Studio Solution File, Format Version 12.00
# Visual Studio Version 17
VisualStudioVersion = 17.9.34902.65
MinimumVisualStudioVersion = 10.0.40219.1
Project("{8BC9CEB8-8B4A-11D0-8D11-00A0C91BC942}") = "samson", "samson\samson.vcxproj", "{BC104A73-7774-4D9B-97B8-4276B37272C4}"
EndProject
Global
	GlobalSection(SolutionConfigurationPlatforms) = preSolution
		Debug|ARM64 = Debug|ARM64
		Debug|x64 = Debug|x64
		Debug|x86 = Debug|x86
		Release|ARM64 = Release|ARM64
		Release|x64 = Release|x64
		Release|x86 = Release|x86
	EndGlobalSection
	GlobalSection(ProjectConfigurationPlatforms) = postSolution
		{BC104A73-7774-4D9B-97B8-4276B37272C4}.Debug|ARM64.ActiveCfg = Debug|ARM64
		{BC104A73-7774-4D9B-97B8-4276B37272C4}.Debug|ARM64.Build.0 = Debug|ARM64
		{BC104A73-7774-4D9B-97B8-4276B37272C4}.Debug|x64.ActiveCfg = Debug|x64
		{BC104A73-7774-4D9B-97B8-4276B37272C4}.Debug|x64.Build.0 = Debug|x64
		{BC104A73-7774-4D9B-97B8-4276B37272C4}.Debug|x86.ActiveCfg = Debug|Win32
		{BC104A73-7774-4D9B-97B8-4276B37272C4}.Debug|x86.Build.0 = Debug|Win32
		{BC104A73-7774-4D9B-97B8-4276B37272C4}.Release|ARM64.ActiveCfg = Release|ARM64
		{BC104A73-7774-4D9B-97B8-4276B37272C4}.Release|ARM64.Build.0 = Release|ARM64
		{BC104A73-7774-4D9B-97B8-4276B37272C4}.Release|x64.ActiveCfg = Release|x64
		{BC104A73-7774-4D9B-97B8-4276B37272C4}.Release|x64.Build.0 = Release|x64
		{BC104A73-7774-4D9B-97B8-4276B37272C4}.Release|x86.ActiveCfg = Release|Win32
		{BC104A73-7774-4D9B-97B8-4276B37272C4}.Release|x86.Build.0 = Release|Win32
	EndGlobalSection
	GlobalSection(SolutionProperties) = preSolution
		HideSolutionNode = FALSE
	EndGlobalSection
	GlobalSection(ExtensibilityGlobals) = postSolution
		SolutionGuid = {96533063-3608-4A19-88B6-7021E7ABB8C8}
	EndGlobalSection
EndGlobal
